
Microsoft Visual Studio Solution File, Format Version 12.00
# Visual Studio Version 17
VisualStudioVersion = 17.11.35222.181
MinimumVisualStudioVersion = 10.0.40219.1
Project("{9A19103F-16F7-4668-BE54-9A1E7A4F7556}") = "CBS", "CBS.csproj", "{1C4E4453-A15B-4992-8B62-5737F8139DE2}"
EndProject
Global
	GlobalSection(SolutionConfigurationPlatforms) = preSolution
		Debug|Any CPU = Debug|Any CPU
		Release|Any CPU = Release|Any CPU
	EndGlobalSection
	GlobalSection(ProjectConfigurationPlatforms) = postSolution
		{1C4E4453-A15B-4992-8B62-5737F8139DE2}.Debug|Any CPU.ActiveCfg = Debug|Any CPU
		{1C4E4453-A15B-4992-8B62-5737F8139DE2}.Debug|Any CPU.Build.0 = Debug|Any CPU
		{1C4E4453-A15B-4992-8B62-5737F8139DE2}.Release|Any CPU.ActiveCfg = Release|Any CPU
		{1C4E4453-A15B-4992-8B62-5737F8139DE2}.Release|Any CPU.Build.0 = Release|Any CPU
	EndGlobalSection
	GlobalSection(SolutionProperties) = preSolution
		HideSolutionNode = FALSE
	EndGlobalSection
	GlobalSection(ExtensibilityGlobals) = postSolution
		SolutionGuid = {BBF3896B-8A82-47C8-A754-52BF1B1BA3F1}
	EndGlobalSection
EndGlobal
